
Microsoft Visual Studio Solution File, Format Version 12.00
# Visual Studio Version 17
VisualStudioVersion = 17.10.34928.147
MinimumVisualStudioVersion = 10.0.40219.1
Project("{9A19103F-16F7-4668-BE54-9A1E7A4F7556}") = "Infrastructure", "Infrastructure\Infrastructure.csproj", "{9738BE00-886D-46B1-B5C7-53BBD47BF498}"
EndProject
Project("{9A19103F-16F7-4668-BE54-9A1E7A4F7556}") = "DTOs", "DTOs\DTOs.csproj", "{DA113269-8440-4DB3-8601-888DC0EAD3F3}"
EndProject
Project("{9A19103F-16F7-4668-BE54-9A1E7A4F7556}") = "ProjectDbContext", "DbContext\ProjectDbContext.csproj", "{97ACFBCC-B277-4BCE-AB03-08EC566539C3}"
EndProject
Project("{9A19103F-16F7-4668-BE54-9A1E7A4F7556}") = "Application", "Application\Application.csproj", "{66BF327E-A234-49DC-9C23-C8BD422D3082}"
EndProject
Project("{9A19103F-16F7-4668-BE54-9A1E7A4F7556}") = "Models", "Models\Models.csproj", "{F5297EF8-2E4A-4B4C-9CCB-DECD8A24ADEC}"
EndProject
Project("{9A19103F-16F7-4668-BE54-9A1E7A4F7556}") = "ProductCategoryManagementSystem", "ProductCategoryManagementSystem\ProductCategoryManagementSystem.csproj", "{2CD56E76-EAC3-403F-99B2-10D5D8B6497B}"
EndProject
Project("{9A19103F-16F7-4668-BE54-9A1E7A4F7556}") = "ProductCategoryManagementSys", "ProductCategoryManagementSys\ProductCategoryManagementSys.csproj", "{F85B576B-384C-4B0A-9A26-F076A42E436D}"
EndProject
Global
	GlobalSection(SolutionConfigurationPlatforms) = preSolution
		Debug|Any CPU = Debug|Any CPU
		Release|Any CPU = Release|Any CPU
	EndGlobalSection
	GlobalSection(ProjectConfigurationPlatforms) = postSolution
		{9738BE00-886D-46B1-B5C7-53BBD47BF498}.Debug|Any CPU.ActiveCfg = Debug|Any CPU
		{9738BE00-886D-46B1-B5C7-53BBD47BF498}.Debug|Any CPU.Build.0 = Debug|Any CPU
		{9738BE00-886D-46B1-B5C7-53BBD47BF498}.Release|Any CPU.ActiveCfg = Release|Any CPU
		{9738BE00-886D-46B1-B5C7-53BBD47BF498}.Release|Any CPU.Build.0 = Release|Any CPU
		{DA113269-8440-4DB3-8601-888DC0EAD3F3}.Debug|Any CPU.ActiveCfg = Debug|Any CPU
		{DA113269-8440-4DB3-8601-888DC0EAD3F3}.Debug|Any CPU.Build.0 = Debug|Any CPU
		{DA113269-8440-4DB3-8601-888DC0EAD3F3}.Release|Any CPU.ActiveCfg = Release|Any CPU
		{DA113269-8440-4DB3-8601-888DC0EAD3F3}.Release|Any CPU.Build.0 = Release|Any CPU
		{97ACFBCC-B277-4BCE-AB03-08EC566539C3}.Debug|Any CPU.ActiveCfg = Debug|Any CPU
		{97ACFBCC-B277-4BCE-AB03-08EC566539C3}.Debug|Any CPU.Build.0 = Debug|Any CPU
		{97ACFBCC-B277-4BCE-AB03-08EC566539C3}.Release|Any CPU.ActiveCfg = Release|Any CPU
		{97ACFBCC-B277-4BCE-AB03-08EC566539C3}.Release|Any CPU.Build.0 = Release|Any CPU
		{66BF327E-A234-49DC-9C23-C8BD422D3082}.Debug|Any CPU.ActiveCfg = Debug|Any CPU
		{66BF327E-A234-49DC-9C23-C8BD422D3082}.Debug|Any CPU.Build.0 = Debug|Any CPU
		{66BF327E-A234-49DC-9C23-C8BD422D3082}.Release|Any CPU.ActiveCfg = Release|Any CPU
		{66BF327E-A234-49DC-9C23-C8BD422D3082}.Release|Any CPU.Build.0 = Release|Any CPU
		{F5297EF8-2E4A-4B4C-9CCB-DECD8A24ADEC}.Debug|Any CPU.ActiveCfg = Debug|Any CPU
		{F5297EF8-2E4A-4B4C-9CCB-DECD8A24ADEC}.Debug|Any CPU.Build.0 = Debug|Any CPU
		{F5297EF8-2E4A-4B4C-9CCB-DECD8A24ADEC}.Release|Any CPU.ActiveCfg = Release|Any CPU
		{F5297EF8-2E4A-4B4C-9CCB-DECD8A24ADEC}.Release|Any CPU.Build.0 = Release|Any CPU
		{2CD56E76-EAC3-403F-99B2-10D5D8B6497B}.Debug|Any CPU.ActiveCfg = Debug|Any CPU
		{2CD56E76-EAC3-403F-99B2-10D5D8B6497B}.Debug|Any CPU.Build.0 = Debug|Any CPU
		{2CD56E76-EAC3-403F-99B2-10D5D8B6497B}.Release|Any CPU.ActiveCfg = Release|Any CPU
		{2CD56E76-EAC3-403F-99B2-10D5D8B6497B}.Release|Any CPU.Build.0 = Release|Any CPU
		{F85B576B-384C-4B0A-9A26-F076A42E436D}.Debug|Any CPU.ActiveCfg = Debug|Any CPU
		{F85B576B-384C-4B0A-9A26-F076A42E436D}.Debug|Any CPU.Build.0 = Debug|Any CPU
		{F85B576B-384C-4B0A-9A26-F076A42E436D}.Release|Any CPU.ActiveCfg = Release|Any CPU
		{F85B576B-384C-4B0A-9A26-F076A42E436D}.Release|Any CPU.Build.0 = Release|Any CPU
	EndGlobalSection
	GlobalSection(SolutionProperties) = preSolution
		HideSolutionNode = FALSE
	EndGlobalSection
	GlobalSection(ExtensibilityGlobals) = postSolution
		SolutionGuid = {7FB4AD6F-F3CB-4304-B753-4A1F5974C588}
	EndGlobalSection
EndGlobal
